
Microsoft Visual Studio Solution File, Format Version 12.00
# Visual Studio Version 17
VisualStudioVersion = 17.3.32825.248
MinimumVisualStudioVersion = 10.0.40219.1
Project("{FAE04EC0-301F-11D3-BF4B-00C04F79EFBC}") = "TestService", "TestService\TestService.csproj", "{368CF1B9-4BCD-490E-A580-F8C1624A421C}"
EndProject
Global
	GlobalSection(SolutionConfigurationPlatforms) = preSolution
		Debug|Any CPU = Debug|Any CPU
		Release|Any CPU = Release|Any CPU
	EndGlobalSection
	GlobalSection(ProjectConfigurationPlatforms) = postSolution
		{368CF1B9-4BCD-490E-A580-F8C1624A421C}.Debug|Any CPU.ActiveCfg = Debug|Any CPU
		{368CF1B9-4BCD-490E-A580-F8C1624A421C}.Debug|Any CPU.Build.0 = Debug|Any CPU
		{368CF1B9-4BCD-490E-A580-F8C1624A421C}.Release|Any CPU.ActiveCfg = Release|Any CPU
		{368CF1B9-4BCD-490E-A580-F8C1624A421C}.Release|Any CPU.Build.0 = Release|Any CPU
	EndGlobalSection
	GlobalSection(SolutionProperties) = preSolution
		HideSolutionNode = FALSE
	EndGlobalSection
	GlobalSection(ExtensibilityGlobals) = postSolution
		SolutionGuid = {75FB139A-4EA3-44CD-83D7-9BAFEDEBBA86}
	EndGlobalSection
EndGlobal
